
Microsoft Visual Studio Solution File, Format Version 12.00
Project("{FAE04EC0-301F-11D3-BF4B-00C04F79EFBC}") = "jetBrainProductsCracker", "jetBrainProductsCracker\jetBrainProductsCracker.csproj", "{3E06A291-AD17-40A5-A08C-4074B79AB95A}"
EndProject
Global
	GlobalSection(SolutionConfigurationPlatforms) = preSolution
		Debug|Any CPU = Debug|Any CPU
		Release|Any CPU = Release|Any CPU
	EndGlobalSection
	GlobalSection(ProjectConfigurationPlatforms) = postSolution
		{3E06A291-AD17-40A5-A08C-4074B79AB95A}.Debug|Any CPU.ActiveCfg = Debug|Any CPU
		{3E06A291-AD17-40A5-A08C-4074B79AB95A}.Debug|Any CPU.Build.0 = Debug|Any CPU
		{3E06A291-AD17-40A5-A08C-4074B79AB95A}.Release|Any CPU.ActiveCfg = Release|Any CPU
		{3E06A291-AD17-40A5-A08C-4074B79AB95A}.Release|Any CPU.Build.0 = Release|Any CPU
	EndGlobalSection
	
EndGlobal
